<?xml version="1.0" encoding="utf-8"?>
<Project ToolsVersion="4.0" xmlns="http://schemas.microsoft.com/developer/msbuild/2003">
  <ItemGroup>
    <Filter Include="Source Files">
      <UniqueIdentifier>{4FC737F1-C7A5-4376-A066-2A32D752A2FF}</UniqueIdentifier>
      <Extensions>cpp;c;cc;cxx;def;odl;idl;hpj;bat;asm;asmx</Extensions>
    </Filter>
    <Filter Include="Header Files">
      <UniqueIdentifier>{93995380-89BD-4b04-88EB-625FBE52EBFB}</UniqueIdentifier>
      <Extensions>h;hh;hpp;hxx;hm;inl;inc;xsd</Extensions>
    </Filter>
    <Filter Include="Resource Files">
      <UniqueIdentifier>{67DA6AB6-F800-4c08-8B7A-83BB121AAD01}</UniqueIdentifier>
      <Extensions>rc;ico;cur;bmp;dlg;rc2;rct;bin;rgs;gif;jpg;jpeg;jpe;resx;tiff;tif;png;wav;mfcribbon-ms</Extensions>
    </Filter>
    <Filter Include="Interfaces">
      <UniqueIdentifier>{77f122c8-a033-4613-8970-279799f0e72c}</UniqueIdentifier>
    </Filter>
  </ItemGroup>
  <ItemGroup>
    <ClInclude Include="dc1371.hpp">
      <Filter>Header Files</Filter>
    </ClInclude>
    <ClInclude Include="ftdi_adc.hpp">
      <Filter>Header Files</Filter>
    </ClInclude>
    <ClInclude Include="dc718.hpp">
      <Filter>Header Files</Filter>
    </ClInclude>
    <ClInclude Include="dc890.hpp">
      <Filter>Header Files</Filter>
    </ClInclude>
    <ClInclude Include="controller.hpp">
      <Filter>Header Files</Filter>
    </ClInclude>
    <ClInclude Include="high_speed.hpp">
      <Filter>Header Files</Filter>
    </ClInclude>
    <ClInclude Include="ltc_controller_comm.h">
      <Filter>Header Files</Filter>
    </ClInclude>
    <ClInclude Include="error.hpp">
      <Filter>Header Files</Filter>
    </ClInclude>
    <ClInclude Include="utilities.hpp">
      <Filter>Header Files</Filter>
    </ClInclude>
    <ClInclude Include="ftd2xx.h">
      <Filter>Header Files</Filter>
    </ClInclude>
    <ClInclude Include="ftdi.hpp">
      <Filter>Header Files</Filter>
    </ClInclude>
    <ClInclude Include="i_close.hpp">
      <Filter>Interfaces</Filter>
    </ClInclude>
    <ClInclude Include="i_collect.hpp">
      <Filter>Interfaces</Filter>
    </ClInclude>
    <ClInclude Include="i_data_endian.hpp">
      <Filter>Interfaces</Filter>
    </ClInclude>
    <ClInclude Include="i_data_receive.hpp">
      <Filter>Interfaces</Filter>
    </ClInclude>
    <ClInclude Include="i_data_send.hpp">
      <Filter>Interfaces</Filter>
    </ClInclude>
    <ClInclude Include="i_fpga_load.hpp">
      <Filter>Interfaces</Filter>
    </ClInclude>
    <ClInclude Include="i_reset.hpp">
      <Filter>Interfaces</Filter>
    </ClInclude>
    <ClInclude Include="i_spi.hpp">
      <Filter>Interfaces</Filter>
    </ClInclude>
    <ClInclude Include="i_spi_send_only.hpp">
      <Filter>Interfaces</Filter>
    </ClInclude>
    <ClInclude Include="tcp_client_socket.hpp">
      <Filter>Header Files</Filter>
    </ClInclude>
    <ClInclude Include="soc_kit.hpp">
      <Filter>Header Files</Filter>
    </ClInclude>
    <ClInclude Include="resource.h">
      <Filter>Header Files</Filter>
    </ClInclude>
  </ItemGroup>
  <ItemGroup>
    <ClCompile Include="dc1371.cpp">
      <Filter>Source Files</Filter>
    </ClCompile>
    <ClCompile Include="ftdi_adc.cpp">
      <Filter>Source Files</Filter>
    </ClCompile>
    <ClCompile Include="dc890.cpp">
      <Filter>Source Files</Filter>
    </ClCompile>
    <ClCompile Include="high_speed.cpp">
      <Filter>Source Files</Filter>
    </ClCompile>
    <ClCompile Include="ltc_controller_comm.cpp">
      <Filter>Source Files</Filter>
    </ClCompile>
    <ClCompile Include="utilties.cpp">
      <Filter>Source Files</Filter>
    </ClCompile>
    <ClCompile Include="ftdi.cpp">
      <Filter>Source Files</Filter>
    </ClCompile>
    <ClCompile Include="dllmain.cpp">
      <Filter>Source Files</Filter>
    </ClCompile>
    <ClCompile Include="tcp_client_socket.cpp">
      <Filter>Source Files</Filter>
    </ClCompile>
    <ClCompile Include="soc_kit.cpp">
      <Filter>Source Files</Filter>
    </ClCompile>
  </ItemGroup>
  <ItemGroup>
    <ResourceCompile Include="ltc_controller_comm.rc">
      <Filter>Resource Files</Filter>
    </ResourceCompile>
  </ItemGroup>
</Project>