
Microsoft Visual Studio Solution File, Format Version 11.00
# Visual Studio 2010
Project("{54435603-DBB4-11D2-8724-00A0C9A8B90C}") = "install_linear_lab_tools", "install_linear_lab_tools\install_linear_lab_tools.vdproj", "{18A918D4-8FFA-4A0C-89C6-7CA3F885A25F}"
EndProject
Project("{54435603-DBB4-11D2-8724-00A0C9A8B90C}") = "install_linear_lab_tools64", "install_linear_lab_tools64\install_linear_lab_tools64.vdproj", "{EF65F87C-9D8A-40EC-9B2B-25C188ED9650}"
EndProject
Global
	GlobalSection(SolutionConfigurationPlatforms) = preSolution
		Debug|Default = Debug|Default
		Release|Default = Release|Default
	EndGlobalSection
	GlobalSection(ProjectConfigurationPlatforms) = postSolution
		{18A918D4-8FFA-4A0C-89C6-7CA3F885A25F}.Debug|Default.ActiveCfg = Debug
		{18A918D4-8FFA-4A0C-89C6-7CA3F885A25F}.Debug|Default.Build.0 = Debug
		{18A918D4-8FFA-4A0C-89C6-7CA3F885A25F}.Release|Default.ActiveCfg = Release
		{18A918D4-8FFA-4A0C-89C6-7CA3F885A25F}.Release|Default.Build.0 = Release
		{EF65F87C-9D8A-40EC-9B2B-25C188ED9650}.Debug|Default.ActiveCfg = Debug
		{EF65F87C-9D8A-40EC-9B2B-25C188ED9650}.Debug|Default.Build.0 = Debug
		{EF65F87C-9D8A-40EC-9B2B-25C188ED9650}.Release|Default.ActiveCfg = Release
		{EF65F87C-9D8A-40EC-9B2B-25C188ED9650}.Release|Default.Build.0 = Release
	EndGlobalSection
	GlobalSection(SolutionProperties) = preSolution
		HideSolutionNode = FALSE
	EndGlobalSection
EndGlobal
