<?xml version="1.0" encoding="utf-8"?>
<Project ToolsVersion="4.0" xmlns="http://schemas.microsoft.com/developer/msbuild/2003">
  <ItemGroup>
    <Filter Include="Source Files">
      <UniqueIdentifier>{4FC737F1-C7A5-4376-A066-2A32D752A2FF}</UniqueIdentifier>
      <Extensions>cpp;c;cc;cxx;def;odl;idl;hpj;bat;asm;asmx</Extensions>
    </Filter>
    <Filter Include="Header Files">
      <UniqueIdentifier>{93995380-89BD-4b04-88EB-625FBE52EBFB}</UniqueIdentifier>
      <Extensions>h;hh;hpp;hxx;hm;inl;inc;xsd</Extensions>
    </Filter>
    <Filter Include="Resource Files">
      <UniqueIdentifier>{67DA6AB6-F800-4c08-8B7A-83BB121AAD01}</UniqueIdentifier>
      <Extensions>rc;ico;cur;bmp;dlg;rc2;rct;bin;rgs;gif;jpg;jpeg;jpe;resx;tiff;tif;png;wav;mfcribbon-ms</Extensions>
    </Filter>
  </ItemGroup>
  <ItemGroup>
    <ClInclude Include="LtcControllerComm.h">
      <Filter>Header Files</Filter>
    </ClInclude>
    <ClInclude Include="resource.h">
      <Filter>Header Files</Filter>
    </ClInclude>
    <ClInclude Include="..\ltc_controller_comm\i_close.hpp">
      <Filter>Header Files</Filter>
    </ClInclude>
    <ClInclude Include="..\ltc_controller_comm\i_collect.hpp">
      <Filter>Header Files</Filter>
    </ClInclude>
    <ClInclude Include="..\ltc_controller_comm\i_data_endian.hpp">
      <Filter>Header Files</Filter>
    </ClInclude>
    <ClInclude Include="..\ltc_controller_comm\i_data_receive.hpp">
      <Filter>Header Files</Filter>
    </ClInclude>
    <ClInclude Include="..\ltc_controller_comm\i_data_send.hpp">
      <Filter>Header Files</Filter>
    </ClInclude>
    <ClInclude Include="..\ltc_controller_comm\i_fpga_load.hpp">
      <Filter>Header Files</Filter>
    </ClInclude>
    <ClInclude Include="..\ltc_controller_comm\i_reset.hpp">
      <Filter>Header Files</Filter>
    </ClInclude>
    <ClInclude Include="..\ltc_controller_comm\i_spi.hpp">
      <Filter>Header Files</Filter>
    </ClInclude>
    <ClInclude Include="..\ltc_controller_comm\i_spi_send_only.hpp">
      <Filter>Header Files</Filter>
    </ClInclude>
    <ClInclude Include="..\ltc_controller_comm\controller.hpp">
      <Filter>Header Files</Filter>
    </ClInclude>
    <ClInclude Include="..\ltc_controller_comm\dc718.hpp">
      <Filter>Header Files</Filter>
    </ClInclude>
    <ClInclude Include="..\ltc_controller_comm\dc890.hpp">
      <Filter>Header Files</Filter>
    </ClInclude>
    <ClInclude Include="..\ltc_controller_comm\dc1371.hpp">
      <Filter>Header Files</Filter>
    </ClInclude>
    <ClInclude Include="..\ltc_controller_comm\error.hpp">
      <Filter>Header Files</Filter>
    </ClInclude>
    <ClInclude Include="..\ltc_controller_comm\ftd2xx.h">
      <Filter>Header Files</Filter>
    </ClInclude>
    <ClInclude Include="..\ltc_controller_comm\ftdi.hpp">
      <Filter>Header Files</Filter>
    </ClInclude>
    <ClInclude Include="..\ltc_controller_comm\ftdi_adc.hpp">
      <Filter>Header Files</Filter>
    </ClInclude>
    <ClInclude Include="..\ltc_controller_comm\high_speed.hpp">
      <Filter>Header Files</Filter>
    </ClInclude>
    <ClInclude Include="..\ltc_controller_comm\utilities.hpp">
      <Filter>Header Files</Filter>
    </ClInclude>
    <ClInclude Include="..\ltc_controller_comm\soc_kit.hpp">
      <Filter>Header Files</Filter>
    </ClInclude>
    <ClInclude Include="..\ltc_controller_comm\tcp_client_socket.hpp">
      <Filter>Header Files</Filter>
    </ClInclude>
    <ClInclude Include="..\ltc_controller_comm\basic_ftdi_controller.hpp">
      <Filter>Header Files</Filter>
    </ClInclude>
    <ClInclude Include="..\ltc_controller_comm\dc590.hpp">
      <Filter>Header Files</Filter>
    </ClInclude>
  </ItemGroup>
  <ItemGroup>
    <ClCompile Include="LtcControllerComm.cpp">
      <Filter>Source Files</Filter>
    </ClCompile>
    <ClCompile Include="AssemblyInfo.cpp">
      <Filter>Source Files</Filter>
    </ClCompile>
    <ClCompile Include="..\ltc_controller_comm\dc890.cpp">
      <Filter>Source Files</Filter>
    </ClCompile>
    <ClCompile Include="..\ltc_controller_comm\dc1371.cpp">
      <Filter>Source Files</Filter>
    </ClCompile>
    <ClCompile Include="..\ltc_controller_comm\dllmain.cpp">
      <Filter>Source Files</Filter>
    </ClCompile>
    <ClCompile Include="..\ltc_controller_comm\ftdi.cpp">
      <Filter>Source Files</Filter>
    </ClCompile>
    <ClCompile Include="..\ltc_controller_comm\ftdi_adc.cpp">
      <Filter>Source Files</Filter>
    </ClCompile>
    <ClCompile Include="..\ltc_controller_comm\high_speed.cpp">
      <Filter>Source Files</Filter>
    </ClCompile>
    <ClCompile Include="..\ltc_controller_comm\utilties.cpp">
      <Filter>Source Files</Filter>
    </ClCompile>
    <ClCompile Include="..\ltc_controller_comm\tcp_client_socket.cpp">
      <Filter>Source Files</Filter>
    </ClCompile>
    <ClCompile Include="..\ltc_controller_comm\soc_kit.cpp">
      <Filter>Source Files</Filter>
    </ClCompile>
    <ClCompile Include="..\ltc_controller_comm\basic_ftdi_controller.cpp">
      <Filter>Source Files</Filter>
    </ClCompile>
    <ClCompile Include="..\ltc_controller_comm\dc590.cpp">
      <Filter>Source Files</Filter>
    </ClCompile>
  </ItemGroup>
  <ItemGroup>
    <Text Include="ReadMe.txt" />
  </ItemGroup>
  <ItemGroup>
    <ResourceCompile Include="app.rc">
      <Filter>Resource Files</Filter>
    </ResourceCompile>
  </ItemGroup>
  <ItemGroup>
    <Image Include="app.ico">
      <Filter>Resource Files</Filter>
    </Image>
  </ItemGroup>
</Project>